
Microsoft Visual Studio Solution File, Format Version 12.00
# Visual Studio Version 17
VisualStudioVersion = 17.2.32630.192
MinimumVisualStudioVersion = 10.0.40219.1
Project("{FAE04EC0-301F-11D3-BF4B-00C04F79EFBC}") = "Console Trivia For GitHub", "Console Trivia For GitHub\Console Trivia For GitHub.csproj", "{2A666148-4A67-4B7C-9745-01F27E6D229C}"
EndProject
Global
	GlobalSection(SolutionConfigurationPlatforms) = preSolution
		Debug|Any CPU = Debug|Any CPU
		Release|Any CPU = Release|Any CPU
	EndGlobalSection
	GlobalSection(ProjectConfigurationPlatforms) = postSolution
		{2A666148-4A67-4B7C-9745-01F27E6D229C}.Debug|Any CPU.ActiveCfg = Debug|Any CPU
		{2A666148-4A67-4B7C-9745-01F27E6D229C}.Debug|Any CPU.Build.0 = Debug|Any CPU
		{2A666148-4A67-4B7C-9745-01F27E6D229C}.Release|Any CPU.ActiveCfg = Release|Any CPU
		{2A666148-4A67-4B7C-9745-01F27E6D229C}.Release|Any CPU.Build.0 = Release|Any CPU
	EndGlobalSection
	GlobalSection(SolutionProperties) = preSolution
		HideSolutionNode = FALSE
	EndGlobalSection
	GlobalSection(ExtensibilityGlobals) = postSolution
		SolutionGuid = {98E58907-8305-4E18-B048-FAEDAE322799}
	EndGlobalSection
EndGlobal
