
Microsoft Visual Studio Solution File, Format Version 12.00
# Visual Studio Version 17
VisualStudioVersion = 17.2.32630.192
MinimumVisualStudioVersion = 10.0.40219.1
Project("{FAE04EC0-301F-11D3-BF4B-00C04F79EFBC}") = "Demo", "Demo\Demo.csproj", "{B3BC0D13-DA38-42EC-A41D-E2FF85341314}"
EndProject
Global
	GlobalSection(SolutionConfigurationPlatforms) = preSolution
		Debug|Any CPU = Debug|Any CPU
		Release|Any CPU = Release|Any CPU
	EndGlobalSection
	GlobalSection(ProjectConfigurationPlatforms) = postSolution
		{B3BC0D13-DA38-42EC-A41D-E2FF85341314}.Debug|Any CPU.ActiveCfg = Debug|Any CPU
		{B3BC0D13-DA38-42EC-A41D-E2FF85341314}.Debug|Any CPU.Build.0 = Debug|Any CPU
		{B3BC0D13-DA38-42EC-A41D-E2FF85341314}.Release|Any CPU.ActiveCfg = Release|Any CPU
		{B3BC0D13-DA38-42EC-A41D-E2FF85341314}.Release|Any CPU.Build.0 = Release|Any CPU
	EndGlobalSection
	GlobalSection(SolutionProperties) = preSolution
		HideSolutionNode = FALSE
	EndGlobalSection
	GlobalSection(ExtensibilityGlobals) = postSolution
		SolutionGuid = {98393749-753C-4618-8934-811A56079092}
	EndGlobalSection
EndGlobal
